<Solution>
  <Folder Name="/src/">
    <File Path="../src/Directory.Build.props" />
    <Project Path="../src/Cirreum.Services.Server/Cirreum.Services.Server.csproj" />
  </Folder>
  <Folder Name="/tests/">
    <File Path="Directory.Build.props" />
    <Project Path="Cirreum.Services.Server.Tests/Cirreum.Services.Server.Tests.csproj" />
  </Folder>
</Solution>
